// !$*UTF8*$!
{
	archiveVersion = 1;
	classes = {
	};
	objectVersion = 50;
	objects = {

/* Begin PBXBuildFile section */
		CAF979DA20A1EB2200DBE4AA /* AppDelegate.swift in Sources */ = {isa = PBXBuildFile; fileRef = CAF979D920A1EB2200DBE4AA /* AppDelegate.swift */; };
		CAF979DC20A1EB2200DBE4AA /* ViewController.swift in Sources */ = {isa = PBXBuildFile; fileRef = CAF979DB20A1EB2200DBE4AA /* ViewController.swift */; };
		CAF979DF20A1EB2200DBE4AA /* Main.storyboard in Resources */ = {isa = PBXBuildFile; fileRef = CAF979DD20A1EB2200DBE4AA /* Main.storyboard */; };
		CAF979E120A1EB2400DBE4AA /* Assets.xcassets in Resources */ = {isa = PBXBuildFile; fileRef = CAF979E020A1EB2400DBE4AA /* Assets.xcassets */; };
		CAF979E420A1EB2400DBE4AA /* LaunchScreen.storyboard in Resources */ = {isa = PBXBuildFile; fileRef = CAF979E220A1EB2400DBE4AA /* LaunchScreen.storyboard */; };
		CAF979ED20A2132700DBE4AA /* MapKit.framework in Frameworks */ = {isa = PBXBuildFile; fileRef = CAF979EC20A2132700DBE4AA /* MapKit.framework */; };
		CAF979EF20A2133400DBE4AA /* CoreLocation.framework in Frameworks */ = {isa = PBXBuildFile; fileRef = CAF979EE20A2133400DBE4AA /* CoreLocation.framework */; };
/* End PBXBuildFile section */

/* Begin PBXFileReference section */
		CAF979D620A1EB2200DBE4AA /* CustomMap.app */ = {isa = PBXFileReference; explicitFileType = wrapper.application; includeInIndex = 0; path = CustomMap.app; sourceTree = BUILT_PRODUCTS_DIR; };
		CAF979D920A1EB2200DBE4AA /* AppDelegate.swift */ = {isa = PBXFileReference; lastKnownFileType = sourcecode.swift; path = AppDelegate.swift; sourceTree = "<group>"; };
		CAF979DB20A1EB2200DBE4AA /* ViewController.swift */ = {isa = PBXFileReference; lastKnownFileType = sourcecode.swift; path = ViewController.swift; sourceTree = "<group>"; };
		CAF979DE20A1EB2200DBE4AA /* Base */ = {isa = PBXFileReference; lastKnownFileType = file.storyboard; name = Base; path = Base.lproj/Main.storyboard; sourceTree = "<group>"; };
		CAF979E020A1EB2400DBE4AA /* Assets.xcassets */ = {isa = PBXFileReference; lastKnownFileType = folder.assetcatalog; path = Assets.xcassets; sourceTree = "<group>"; };
		CAF979E320A1EB2400DBE4AA /* Base */ = {isa = PBXFileReference; lastKnownFileType = file.storyboard; name = Base; path = Base.lproj/LaunchScreen.storyboard; sourceTree = "<group>"; };
		CAF979E520A1EB2400DBE4AA /* Info.plist */ = {isa = PBXFileReference; lastKnownFileType = text.plist.xml; path = Info.plist; sourceTree = "<group>"; };
		CAF979EC20A2132700DBE4AA /* MapKit.framework */ = {isa = PBXFileReference; lastKnownFileType = wrapper.framework; name = MapKit.framework; path = System/Library/Frameworks/MapKit.framework; sourceTree = SDKROOT; };
		CAF979EE20A2133400DBE4AA /* CoreLocation.framework */ = {isa = PBXFileReference; lastKnownFileType = wrapper.framework; name = CoreLocation.framework; path = System/Library/Frameworks/CoreLocation.framework; sourceTree = SDKROOT; };
/* End PBXFileReference section */

/* Begin PBXFrameworksBuildPhase section */
		CAF979D320A1EB2200DBE4AA /* Frameworks */ = {
			isa = PBXFrameworksBuildPhase;
			buildActionMask = 2147483647;
			files = (
				CAF979EF20A2133400DBE4AA /* CoreLocation.framework in Frameworks */,
				CAF979ED20A2132700DBE4AA /* MapKit.framework in Frameworks */,
			);
			runOnlyForDeploymentPostprocessing = 0;
		};
/* End PBXFrameworksBuildPhase section */

/* Begin PBXGroup section */
		CAF979CD20A1EB2200DBE4AA = {
			isa = PBXGroup;
			children = (
				CAF979D820A1EB2200DBE4AA /* CustomMap */,
				CAF979D720A1EB2200DBE4AA /* Products */,
				CAF979EB20A2132700DBE4AA /* Frameworks */,
			);
			sourceTree = "<group>";
		};
		CAF979D720A1EB2200DBE4AA /* Products */ = {
			isa = PBXGroup;
			children = (
				CAF979D620A1EB2200DBE4AA /* CustomMap.app */,
			);
			name = Products;
			sourceTree = "<group>";
		};
		CAF979D820A1EB2200DBE4AA /* CustomMap */ = {
			isa = PBXGroup;
			children = (
				CAF979D920A1EB2200DBE4AA /* AppDelegate.swift */,
				CAF979DB20A1EB2200DBE4AA /* ViewController.swift */,
				CAF979DD20A1EB2200DBE4AA /* Main.storyboard */,
				CAF979E020A1EB2400DBE4AA /* Assets.xcassets */,
				CAF979E220A1EB2400DBE4AA /* LaunchScreen.storyboard */,
				CAF979E520A1EB2400DBE4AA /* Info.plist */,
			);
			path = CustomMap;
			sourceTree = "<group>";
		};
		CAF979EB20A2132700DBE4AA /* Frameworks */ = {
			isa = PBXGroup;
			children = (
				CAF979EE20A2133400DBE4AA /* CoreLocation.framework */,
				CAF979EC20A2132700DBE4AA /* MapKit.framework */,
			);
			name = Frameworks;
			sourceTree = "<group>";
		};
/* End PBXGroup section */

/* Begin PBXNativeTarget section */
		CAF979D520A1EB2200DBE4AA /* CustomMap */ = {
			isa = PBXNativeTarget;
			buildConfigurationList = CAF979E820A1EB2400DBE4AA /* Build configuration list for PBXNativeTarget "CustomMap" */;
			buildPhases = (
				CAF979D220A1EB2200DBE4AA /* Sources */,
				CAF979D320A1EB2200DBE4AA /* Frameworks */,
				CAF979D420A1EB2200DBE4AA /* Resources */,
			);
			buildRules = (
			);
			dependencies = (
			);
			name = CustomMap;
			productName = CustomMap;
			productReference = CAF979D620A1EB2200DBE4AA /* CustomMap.app */;
			productType = "com.apple.product-type.application";
		};
/* End PBXNativeTarget section */

/* Begin PBXProject section */
		CAF979CE20A1EB2200DBE4AA /* Project object */ = {
			isa = PBXProject;
			attributes = {
				LastSwiftUpdateCheck = 0930;
				LastUpgradeCheck = 0930;
				ORGANIZATIONNAME = hoffsilva;
				TargetAttributes = {
					CAF979D520A1EB2200DBE4AA = {
						CreatedOnToolsVersion = 9.3;
					};
				};
			};
			buildConfigurationList = CAF979D120A1EB2200DBE4AA /* Build configuration list for PBXProject "CustomMap" */;
			compatibilityVersion = "Xcode 9.3";
			developmentRegion = en;
			hasScannedForEncodings = 0;
			knownRegions = (
				en,
				Base,
			);
			mainGroup = CAF979CD20A1EB2200DBE4AA;
			productRefGroup = CAF979D720A1EB2200DBE4AA /* Products */;
			projectDirPath = "";
			projectRoot = "";
			targets = (
				CAF979D520A1EB2200DBE4AA /* CustomMap */,
			);
		};
/* End PBXProject section */

/* Begin PBXResourcesBuildPhase section */
		CAF979D420A1EB2200DBE4AA /* Resources */ = {
			isa = PBXResourcesBuildPhase;
			buildActionMask = 2147483647;
			files = (
				CAF979E420A1EB2400DBE4AA /* LaunchScreen.storyboard in Resources */,
				CAF979E120A1EB2400DBE4AA /* Assets.xcassets in Resources */,
				CAF979DF20A1EB2200DBE4AA /* Main.storyboard in Resources */,
			);
			runOnlyForDeploymentPostprocessing = 0;
		};
/* End PBXResourcesBuildPhase section */

/* Begin PBXSourcesBuildPhase section */
		CAF979D220A1EB2200DBE4AA /* Sources */ = {
			isa = PBXSourcesBuildPhase;
			buildActionMask = 2147483647;
			files = (
				CAF979DC20A1EB2200DBE4AA /* ViewController.swift in Sources */,
				CAF979DA20A1EB2200DBE4AA /* AppDelegate.swift in Sources */,
			);
			runOnlyForDeploymentPostprocessing = 0;
		};
/* End PBXSourcesBuildPhase section */

/* Begin PBXVariantGroup section */
		CAF979DD20A1EB2200DBE4AA /* Main.storyboard */ = {
			isa = PBXVariantGroup;
			children = (
				CAF979DE20A1EB2200DBE4AA /* Base */,
			);
			name = Main.storyboard;
			sourceTree = "<group>";
		};
		CAF979E220A1EB2400DBE4AA /* LaunchScreen.storyboard */ = {
			isa = PBXVariantGroup;
			children = (
				CAF979E320A1EB2400DBE4AA /* Base */,
			);
			name = LaunchScreen.storyboard;
			sourceTree = "<group>";
		};
/* End PBXVariantGroup section */

/* Begin XCBuildConfiguration section */
		CAF979E620A1EB2400DBE4AA /* Debug */ = {
			isa = XCBuildConfiguration;
			buildSettings = {
				ALWAYS_SEARCH_USER_PATHS = NO;
				CLANG_ANALYZER_NONNULL = YES;
				CLANG_ANALYZER_NUMBER_OBJECT_CONVERSION = YES_AGGRESSIVE;
				CLANG_CXX_LANGUAGE_STANDARD = "gnu++14";
				CLANG_CXX_LIBRARY = "libc++";
				CLANG_ENABLE_MODULES = YES;
				CLANG_ENABLE_OBJC_ARC = YES;
				CLANG_ENABLE_OBJC_WEAK = YES;
				CLANG_WARN_BLOCK_CAPTURE_AUTORELEASING = YES;
				CLANG_WARN_BOOL_CONVERSION = YES;
				CLANG_WARN_COMMA = YES;
				CLANG_WARN_CONSTANT_CONVERSION = YES;
				CLANG_WARN_DEPRECATED_OBJC_IMPLEMENTATIONS = YES;
				CLANG_WARN_DIRECT_OBJC_ISA_USAGE = YES_ERROR;
				CLANG_WARN_DOCUMENTATION_COMMENTS = YES;
				CLANG_WARN_EMPTY_BODY = YES;
				CLANG_WARN_ENUM_CONVERSION = YES;
				CLANG_WARN_INFINITE_RECURSION = YES;
				CLANG_WARN_INT_CONVERSION = YES;
				CLANG_WARN_NON_LITERAL_NULL_CONVERSION = YES;
				CLANG_WARN_OBJC_IMPLICIT_RETAIN_SELF = YES;
				CLANG_WARN_OBJC_LITERAL_CONVERSION = YES;
				CLANG_WARN_OBJC_ROOT_CLASS = YES_ERROR;
				CLANG_WARN_RANGE_LOOP_ANALYSIS = YES;
				CLANG_WARN_STRICT_PROTOTYPES = YES;
				CLANG_WARN_SUSPICIOUS_MOVE = YES;
				CLANG_WARN_UNGUARDED_AVAILABILITY = YES_AGGRESSIVE;
				CLANG_WARN_UNREACHABLE_CODE = YES;
				CLANG_WARN__DUPLICATE_METHOD_MATCH = YES;
				CODE_SIGN_IDENTITY = "iPhone Developer";
				COPY_PHASE_STRIP = NO;
				DEBUG_INFORMATION_FORMAT = dwarf;
				ENABLE_STRICT_OBJC_MSGSEND = YES;
				ENABLE_TESTABILITY = YES;
				GCC_C_LANGUAGE_STANDARD = gnu11;
				GCC_DYNAMIC_NO_PIC = NO;
				GCC_NO_COMMON_BLOCKS = YES;
				GCC_OPTIMIZATION_LEVEL = 0;
				GCC_PREPROCESSOR_DEFINITIONS = (
					"DEBUG=1",
					"$(inherited)",
				);
				GCC_WARN_64_TO_32_BIT_CONVERSION = YES;
				GCC_WARN_ABOUT_RETURN_TYPE = YES_ERROR;
				GCC_WARN_UNDECLARED_SELECTOR = YES;
				GCC_WARN_UNINITIALIZED_AUTOS = YES_AGGRESSIVE;
				GCC_WARN_UNUSED_FUNCTION = YES;
				GCC_WARN_UNUSED_VARIABLE = YES;
				IPHONEOS_DEPLOYMENT_TARGET = 11.3;
				MTL_ENABLE_DEBUG_INFO = YES;
				ONLY_ACTIVE_ARCH = YES;
				SDKROOT = iphoneos;
				SWIFT_ACTIVE_COMPILATION_CONDITIONS = DEBUG;
				SWIFT_OPTIMIZATION_LEVEL = "-Onone";
			};
			name = Debug;
		};
		CAF979E720A1EB2400DBE4AA /* Release */ = {
			isa = XCBuildConfiguration;
			buildSettings = {
				ALWAYS_SEARCH_USER_PATHS = NO;
				CLANG_ANALYZER_NONNULL = YES;
				CLANG_ANALYZER_NUMBER_OBJECT_CONVERSION = YES_AGGRESSIVE;
				CLANG_CXX_LANGUAGE_STANDARD = "gnu++14";
				CLANG_CXX_LIBRARY = "libc++";
				CLANG_ENABLE_MODULES = YES;
				CLANG_ENABLE_OBJC_ARC = YES;
				CLANG_ENABLE_OBJC_WEAK = YES;
				CLANG_WARN_BLOCK_CAPTURE_AUTORELEASING = YES;
				CLANG_WARN_BOOL_CONVERSION = YES;
				CLANG_WARN_COMMA = YES;
				CLANG_WARN_CONSTANT_CONVERSION = YES;
				CLANG_WARN_DEPRECATED_OBJC_IMPLEMENTATIONS = YES;
				CLANG_WARN_DIRECT_OBJC_ISA_USAGE = YES_ERROR;
				CLANG_WARN_DOCUMENTATION_COMMENTS = YES;
				CLANG_WARN_EMPTY_BODY = YES;
				CLANG_WARN_ENUM_CONVERSION = YES;
				CLANG_WARN_INFINITE_RECURSION = YES;
				CLANG_WARN_INT_CONVERSION = YES;
				CLANG_WARN_NON_LITERAL_NULL_CONVERSION = YES;
				CLANG_WARN_OBJC_IMPLICIT_RETAIN_SELF = YES;
				CLANG_WARN_OBJC_LITERAL_CONVERSION = YES;
				CLANG_WARN_OBJC_ROOT_CLASS = YES_ERROR;
				CLANG_WARN_RANGE_LOOP_ANALYSIS = YES;
				CLANG_WARN_STRICT_PROTOTYPES = YES;
				CLANG_WARN_SUSPICIOUS_MOVE = YES;
				CLANG_WARN_UNGUARDED_AVAILABILITY = YES_AGGRESSIVE;
				CLANG_WARN_UNREACHABLE_CODE = YES;
				CLANG_WARN__DUPLICATE_METHOD_MATCH = YES;
				CODE_SIGN_IDENTITY = "iPhone Developer";
				COPY_PHASE_STRIP = NO;
				DEBUG_INFORMATION_FORMAT = "dwarf-with-dsym";
				ENABLE_NS_ASSERTIONS = NO;
				ENABLE_STRICT_OBJC_MSGSEND = YES;
				GCC_C_LANGUAGE_STANDARD = gnu11;
				GCC_NO_COMMON_BLOCKS = YES;
				GCC_WARN_64_TO_32_BIT_CONVERSION = YES;
				GCC_WARN_ABOUT_RETURN_TYPE = YES_ERROR;
				GCC_WARN_UNDECLARED_SELECTOR = YES;
				GCC_WARN_UNINITIALIZED_AUTOS = YES_AGGRESSIVE;
				GCC_WARN_UNUSED_FUNCTION = YES;
				GCC_WARN_UNUSED_VARIABLE = YES;
				IPHONEOS_DEPLOYMENT_TARGET = 11.3;
				MTL_ENABLE_DEBUG_INFO = NO;
				SDKROOT = iphoneos;
				SWIFT_COMPILATION_MODE = wholemodule;
				SWIFT_OPTIMIZATION_LEVEL = "-O";
				VALIDATE_PRODUCT = YES;
			};
			name = Release;
		};
		CAF979E920A1EB2400DBE4AA /* Debug */ = {
			isa = XCBuildConfiguration;
			buildSettings = {
				ASSETCATALOG_COMPILER_APPICON_NAME = AppIcon;
				CODE_SIGN_STYLE = Automatic;
				DEVELOPMENT_TEAM = C434CHPZ37;
				INFOPLIST_FILE = CustomMap/Info.plist;
				LD_RUNPATH_SEARCH_PATHS = (
					"$(inherited)",
					"@executable_path/Frameworks",
				);
				PRODUCT_BUNDLE_IDENTIFIER = br.com.hoffsilva.CustomMap;
				PRODUCT_NAME = "$(TARGET_NAME)";
				SWIFT_VERSION = 4.0;
				TARGETED_DEVICE_FAMILY = "1,2";
			};
			name = Debug;
		};
		CAF979EA20A1EB2400DBE4AA /* Release */ = {
			isa = XCBuildConfiguration;
			buildSettings = {
				ASSETCATALOG_COMPILER_APPICON_NAME = AppIcon;
				CODE_SIGN_STYLE = Automatic;
				DEVELOPMENT_TEAM = C434CHPZ37;
				INFOPLIST_FILE = CustomMap/Info.plist;
				LD_RUNPATH_SEARCH_PATHS = (
					"$(inherited)",
					"@executable_path/Frameworks",
				);
				PRODUCT_BUNDLE_IDENTIFIER = br.com.hoffsilva.CustomMap;
				PRODUCT_NAME = "$(TARGET_NAME)";
				SWIFT_VERSION = 4.0;
				TARGETED_DEVICE_FAMILY = "1,2";
			};
			name = Release;
		};
/* End XCBuildConfiguration section */

/* Begin XCConfigurationList section */
		CAF979D120A1EB2200DBE4AA /* Build configuration list for PBXProject "CustomMap" */ = {
			isa = XCConfigurationList;
			buildConfigurations = (
				CAF979E620A1EB2400DBE4AA /* Debug */,
				CAF979E720A1EB2400DBE4AA /* Release */,
			);
			defaultConfigurationIsVisible = 0;
			defaultConfigurationName = Release;
		};
		CAF979E820A1EB2400DBE4AA /* Build configuration list for PBXNativeTarget "CustomMap" */ = {
			isa = XCConfigurationList;
			buildConfigurations = (
				CAF979E920A1EB2400DBE4AA /* Debug */,
				CAF979EA20A1EB2400DBE4AA /* Release */,
			);
			defaultConfigurationIsVisible = 0;
			defaultConfigurationName = Release;
		};
/* End XCConfigurationList section */
	};
	rootObject = CAF979CE20A1EB2200DBE4AA /* Project object */;
}
